// !$*UTF8*$!
{
	archiveVersion = 1;
	classes = {
	};
	objectVersion = 51;
	objects = {

/* Begin PBXBuildFile section */
		217D758425D0EC2A00A53E0A /* AppDelegate.m in Sources */ = {isa = PBXBuildFile; fileRef = 217D758325D0EC2A00A53E0A /* AppDelegate.m */; };
		217D758A25D0EC2A00A53E0A /* ViewController.m in Sources */ = {isa = PBXBuildFile; fileRef = 217D758925D0EC2A00A53E0A /* ViewController.m */; };
		217D759525D0EC2D00A53E0A /* main.m in Sources */ = {isa = PBXBuildFile; fileRef = 217D759425D0EC2D00A53E0A /* main.m */; };
		217D75C125D0ED2800A53E0A /* Launch Screen.storyboard in Resources */ = {isa = PBXBuildFile; fileRef = 217D75C025D0ED2800A53E0A /* Launch Screen.storyboard */; };
		217D75F925D12A8B00A53E0A /* AppDelegate.swift in Sources */ = {isa = PBXBuildFile; fileRef = 217D75F825D12A8B00A53E0A /* AppDelegate.swift */; };
		217D75FD25D12A8B00A53E0A /* ViewController.swift in Sources */ = {isa = PBXBuildFile; fileRef = 217D75FC25D12A8B00A53E0A /* ViewController.swift */; };
		217D760225D12A8E00A53E0A /* Assets.xcassets in Resources */ = {isa = PBXBuildFile; fileRef = 217D760125D12A8E00A53E0A /* Assets.xcassets */; };
		217D761025D12B2800A53E0A /* Launch Screen.storyboard in Resources */ = {isa = PBXBuildFile; fileRef = 217D75C025D0ED2800A53E0A /* Launch Screen.storyboard */; };
		217D761525D12B4200A53E0A /* Assets.xcassets in Resources */ = {isa = PBXBuildFile; fileRef = 217D760125D12A8E00A53E0A /* Assets.xcassets */; };
		C4F459BF060091C3A29A705D /* Pods_GLEnvs_Demo_Demo_ObjC.framework in Frameworks */ = {isa = PBXBuildFile; fileRef = 381C7B82BBE2F032E773256E /* Pods_GLEnvs_Demo_Demo_ObjC.framework */; };
		D318B0A92E6DDD2D978AF95C /* Pods_GLEnvs_Demo_Demo_Swift.framework in Frameworks */ = {isa = PBXBuildFile; fileRef = 60C1CD2EE9884846848C6CC5 /* Pods_GLEnvs_Demo_Demo_Swift.framework */; };
/* End PBXBuildFile section */

/* Begin PBXFileReference section */
		217D758025D0EC2A00A53E0A /* Demo_ObjC.app */ = {isa = PBXFileReference; explicitFileType = wrapper.application; includeInIndex = 0; path = Demo_ObjC.app; sourceTree = BUILT_PRODUCTS_DIR; };
		217D758225D0EC2A00A53E0A /* AppDelegate.h */ = {isa = PBXFileReference; lastKnownFileType = sourcecode.c.h; path = AppDelegate.h; sourceTree = "<group>"; };
		217D758325D0EC2A00A53E0A /* AppDelegate.m */ = {isa = PBXFileReference; lastKnownFileType = sourcecode.c.objc; path = AppDelegate.m; sourceTree = "<group>"; };
		217D758825D0EC2A00A53E0A /* ViewController.h */ = {isa = PBXFileReference; lastKnownFileType = sourcecode.c.h; path = ViewController.h; sourceTree = "<group>"; };
		217D758925D0EC2A00A53E0A /* ViewController.m */ = {isa = PBXFileReference; lastKnownFileType = sourcecode.c.objc; path = ViewController.m; sourceTree = "<group>"; };
		217D759325D0EC2D00A53E0A /* Info.plist */ = {isa = PBXFileReference; lastKnownFileType = text.plist.xml; path = Info.plist; sourceTree = "<group>"; };
		217D759425D0EC2D00A53E0A /* main.m */ = {isa = PBXFileReference; lastKnownFileType = sourcecode.c.objc; path = main.m; sourceTree = "<group>"; };
		217D75C025D0ED2800A53E0A /* Launch Screen.storyboard */ = {isa = PBXFileReference; lastKnownFileType = file.storyboard; path = "Launch Screen.storyboard"; sourceTree = "<group>"; };
		217D75C725D0F04F00A53E0A /* objc.pch */ = {isa = PBXFileReference; lastKnownFileType = sourcecode.c.h; path = objc.pch; sourceTree = "<group>"; };
		217D75F625D12A8B00A53E0A /* Demo_Swift.app */ = {isa = PBXFileReference; explicitFileType = wrapper.application; includeInIndex = 0; path = Demo_Swift.app; sourceTree = BUILT_PRODUCTS_DIR; };
		217D75F825D12A8B00A53E0A /* AppDelegate.swift */ = {isa = PBXFileReference; lastKnownFileType = sourcecode.swift; path = AppDelegate.swift; sourceTree = "<group>"; };
		217D75FC25D12A8B00A53E0A /* ViewController.swift */ = {isa = PBXFileReference; lastKnownFileType = sourcecode.swift; path = ViewController.swift; sourceTree = "<group>"; };
		217D760125D12A8E00A53E0A /* Assets.xcassets */ = {isa = PBXFileReference; lastKnownFileType = folder.assetcatalog; path = Assets.xcassets; sourceTree = "<group>"; };
		217D760625D12A8E00A53E0A /* Info.plist */ = {isa = PBXFileReference; lastKnownFileType = text.plist.xml; path = Info.plist; sourceTree = "<group>"; };
		2753F8F4FC5C3BE2F2495BCB /* Pods-Demo-Swift.release.xcconfig */ = {isa = PBXFileReference; includeInIndex = 1; lastKnownFileType = text.xcconfig; name = "Pods-Demo-Swift.release.xcconfig"; path = "Target Support Files/Pods-Demo-Swift/Pods-Demo-Swift.release.xcconfig"; sourceTree = "<group>"; };
		310C630F1B1FF867942D5E5C /* Pods_Demo.framework */ = {isa = PBXFileReference; explicitFileType = wrapper.framework; includeInIndex = 0; path = Pods_Demo.framework; sourceTree = BUILT_PRODUCTS_DIR; };
		34D08EA9295F38126DC2EE25 /* Pods-Demo-Swift.debug.xcconfig */ = {isa = PBXFileReference; includeInIndex = 1; lastKnownFileType = text.xcconfig; name = "Pods-Demo-Swift.debug.xcconfig"; path = "Target Support Files/Pods-Demo-Swift/Pods-Demo-Swift.debug.xcconfig"; sourceTree = "<group>"; };
		381C7B82BBE2F032E773256E /* Pods_GLEnvs_Demo_Demo_ObjC.framework */ = {isa = PBXFileReference; explicitFileType = wrapper.framework; includeInIndex = 0; path = Pods_GLEnvs_Demo_Demo_ObjC.framework; sourceTree = BUILT_PRODUCTS_DIR; };
		3B79CE4CC1E7B53811399378 /* Pods-GLEnvs Demo-ObjC.release.xcconfig */ = {isa = PBXFileReference; includeInIndex = 1; lastKnownFileType = text.xcconfig; name = "Pods-GLEnvs Demo-ObjC.release.xcconfig"; path = "Target Support Files/Pods-GLEnvs Demo-ObjC/Pods-GLEnvs Demo-ObjC.release.xcconfig"; sourceTree = "<group>"; };
		4ECC955716ABDE094A162951 /* Pods-GLEnvs Demo-Swift.release.xcconfig */ = {isa = PBXFileReference; includeInIndex = 1; lastKnownFileType = text.xcconfig; name = "Pods-GLEnvs Demo-Swift.release.xcconfig"; path = "Target Support Files/Pods-GLEnvs Demo-Swift/Pods-GLEnvs Demo-Swift.release.xcconfig"; sourceTree = "<group>"; };
		60C1CD2EE9884846848C6CC5 /* Pods_GLEnvs_Demo_Demo_Swift.framework */ = {isa = PBXFileReference; explicitFileType = wrapper.framework; includeInIndex = 0; path = Pods_GLEnvs_Demo_Demo_Swift.framework; sourceTree = BUILT_PRODUCTS_DIR; };
		70257BD319269011582A3E84 /* Pods-GLEnvs Demo-Swift.debug.xcconfig */ = {isa = PBXFileReference; includeInIndex = 1; lastKnownFileType = text.xcconfig; name = "Pods-GLEnvs Demo-Swift.debug.xcconfig"; path = "Target Support Files/Pods-GLEnvs Demo-Swift/Pods-GLEnvs Demo-Swift.debug.xcconfig"; sourceTree = "<group>"; };
		839B4A3894DC98C740FCA4B4 /* Pods-Demo-ObjC.release.xcconfig */ = {isa = PBXFileReference; includeInIndex = 1; lastKnownFileType = text.xcconfig; name = "Pods-Demo-ObjC.release.xcconfig"; path = "Target Support Files/Pods-Demo-ObjC/Pods-Demo-ObjC.release.xcconfig"; sourceTree = "<group>"; };
		8D1A744D7CE834448C7500E6 /* Pods-Demo-ObjC.debug.xcconfig */ = {isa = PBXFileReference; includeInIndex = 1; lastKnownFileType = text.xcconfig; name = "Pods-Demo-ObjC.debug.xcconfig"; path = "Target Support Files/Pods-Demo-ObjC/Pods-Demo-ObjC.debug.xcconfig"; sourceTree = "<group>"; };
		94226C45502358948B0C10F8 /* Pods-GLEnvs Demo-Demo_ObjC.release.xcconfig */ = {isa = PBXFileReference; includeInIndex = 1; lastKnownFileType = text.xcconfig; name = "Pods-GLEnvs Demo-Demo_ObjC.release.xcconfig"; path = "Target Support Files/Pods-GLEnvs Demo-Demo_ObjC/Pods-GLEnvs Demo-Demo_ObjC.release.xcconfig"; sourceTree = "<group>"; };
		99FF2EFE020C86DA0DF96BAF /* Pods-GLEnvs Demo-ObjC.debug.xcconfig */ = {isa = PBXFileReference; includeInIndex = 1; lastKnownFileType = text.xcconfig; name = "Pods-GLEnvs Demo-ObjC.debug.xcconfig"; path = "Target Support Files/Pods-GLEnvs Demo-ObjC/Pods-GLEnvs Demo-ObjC.debug.xcconfig"; sourceTree = "<group>"; };
		CF143887190A54503E27B6A7 /* Pods_GLEnvs_Demo_Swift.framework */ = {isa = PBXFileReference; explicitFileType = wrapper.framework; includeInIndex = 0; path = Pods_GLEnvs_Demo_Swift.framework; sourceTree = BUILT_PRODUCTS_DIR; };
		D22E40F38AFFB7E34E45BFD5 /* Pods-GLEnvs Demo-Demo_ObjC.debug.xcconfig */ = {isa = PBXFileReference; includeInIndex = 1; lastKnownFileType = text.xcconfig; name = "Pods-GLEnvs Demo-Demo_ObjC.debug.xcconfig"; path = "Target Support Files/Pods-GLEnvs Demo-Demo_ObjC/Pods-GLEnvs Demo-Demo_ObjC.debug.xcconfig"; sourceTree = "<group>"; };
		DDD1B1D914F9DF68E6ED0ED8 /* Pods-GLEnvs Demo-Demo_Swift.release.xcconfig */ = {isa = PBXFileReference; includeInIndex = 1; lastKnownFileType = text.xcconfig; name = "Pods-GLEnvs Demo-Demo_Swift.release.xcconfig"; path = "Target Support Files/Pods-GLEnvs Demo-Demo_Swift/Pods-GLEnvs Demo-Demo_Swift.release.xcconfig"; sourceTree = "<group>"; };
		E96BD6DB728388D1D09BB19E /* Pods-GLEnvs Demo-Demo_Swift.debug.xcconfig */ = {isa = PBXFileReference; includeInIndex = 1; lastKnownFileType = text.xcconfig; name = "Pods-GLEnvs Demo-Demo_Swift.debug.xcconfig"; path = "Target Support Files/Pods-GLEnvs Demo-Demo_Swift/Pods-GLEnvs Demo-Demo_Swift.debug.xcconfig"; sourceTree = "<group>"; };
/* End PBXFileReference section */

/* Begin PBXFrameworksBuildPhase section */
		217D757D25D0EC2A00A53E0A /* Frameworks */ = {
			isa = PBXFrameworksBuildPhase;
			buildActionMask = 2147483647;
			files = (
				C4F459BF060091C3A29A705D /* Pods_GLEnvs_Demo_Demo_ObjC.framework in Frameworks */,
			);
			runOnlyForDeploymentPostprocessing = 0;
		};
		217D75F325D12A8B00A53E0A /* Frameworks */ = {
			isa = PBXFrameworksBuildPhase;
			buildActionMask = 2147483647;
			files = (
				D318B0A92E6DDD2D978AF95C /* Pods_GLEnvs_Demo_Demo_Swift.framework in Frameworks */,
			);
			runOnlyForDeploymentPostprocessing = 0;
		};
/* End PBXFrameworksBuildPhase section */

/* Begin PBXGroup section */
		203ECF7FBEBAD5454221D8B3 /* Frameworks */ = {
			isa = PBXGroup;
			children = (
				310C630F1B1FF867942D5E5C /* Pods_Demo.framework */,
				CF143887190A54503E27B6A7 /* Pods_GLEnvs_Demo_Swift.framework */,
				381C7B82BBE2F032E773256E /* Pods_GLEnvs_Demo_Demo_ObjC.framework */,
				60C1CD2EE9884846848C6CC5 /* Pods_GLEnvs_Demo_Demo_Swift.framework */,
			);
			name = Frameworks;
			sourceTree = "<group>";
		};
		217D755325D0EB9300A53E0A = {
			isa = PBXGroup;
			children = (
				217D75C025D0ED2800A53E0A /* Launch Screen.storyboard */,
				217D760125D12A8E00A53E0A /* Assets.xcassets */,
				217D758125D0EC2A00A53E0A /* Demo_ObjC */,
				217D75F725D12A8B00A53E0A /* Demo_Swift */,
				217D755D25D0EB9300A53E0A /* Products */,
				22863DC5FF93165101B7FECB /* Pods */,
				203ECF7FBEBAD5454221D8B3 /* Frameworks */,
			);
			sourceTree = "<group>";
		};
		217D755D25D0EB9300A53E0A /* Products */ = {
			isa = PBXGroup;
			children = (
				217D758025D0EC2A00A53E0A /* Demo_ObjC.app */,
				217D75F625D12A8B00A53E0A /* Demo_Swift.app */,
			);
			name = Products;
			sourceTree = "<group>";
		};
		217D758125D0EC2A00A53E0A /* Demo_ObjC */ = {
			isa = PBXGroup;
			children = (
				217D758225D0EC2A00A53E0A /* AppDelegate.h */,
				217D758325D0EC2A00A53E0A /* AppDelegate.m */,
				217D758825D0EC2A00A53E0A /* ViewController.h */,
				217D758925D0EC2A00A53E0A /* ViewController.m */,
				217D759325D0EC2D00A53E0A /* Info.plist */,
				217D759425D0EC2D00A53E0A /* main.m */,
				217D75C725D0F04F00A53E0A /* objc.pch */,
			);
			path = Demo_ObjC;
			sourceTree = "<group>";
		};
		217D75F725D12A8B00A53E0A /* Demo_Swift */ = {
			isa = PBXGroup;
			children = (
				217D75F825D12A8B00A53E0A /* AppDelegate.swift */,
				217D75FC25D12A8B00A53E0A /* ViewController.swift */,
				217D760625D12A8E00A53E0A /* Info.plist */,
			);
			path = Demo_Swift;
			sourceTree = "<group>";
		};
		22863DC5FF93165101B7FECB /* Pods */ = {
			isa = PBXGroup;
			children = (
				8D1A744D7CE834448C7500E6 /* Pods-Demo-ObjC.debug.xcconfig */,
				839B4A3894DC98C740FCA4B4 /* Pods-Demo-ObjC.release.xcconfig */,
				34D08EA9295F38126DC2EE25 /* Pods-Demo-Swift.debug.xcconfig */,
				2753F8F4FC5C3BE2F2495BCB /* Pods-Demo-Swift.release.xcconfig */,
				99FF2EFE020C86DA0DF96BAF /* Pods-GLEnvs Demo-ObjC.debug.xcconfig */,
				3B79CE4CC1E7B53811399378 /* Pods-GLEnvs Demo-ObjC.release.xcconfig */,
				70257BD319269011582A3E84 /* Pods-GLEnvs Demo-Swift.debug.xcconfig */,
				4ECC955716ABDE094A162951 /* Pods-GLEnvs Demo-Swift.release.xcconfig */,
				D22E40F38AFFB7E34E45BFD5 /* Pods-GLEnvs Demo-Demo_ObjC.debug.xcconfig */,
				94226C45502358948B0C10F8 /* Pods-GLEnvs Demo-Demo_ObjC.release.xcconfig */,
				E96BD6DB728388D1D09BB19E /* Pods-GLEnvs Demo-Demo_Swift.debug.xcconfig */,
				DDD1B1D914F9DF68E6ED0ED8 /* Pods-GLEnvs Demo-Demo_Swift.release.xcconfig */,
			);
			path = Pods;
			sourceTree = "<group>";
		};
/* End PBXGroup section */

/* Begin PBXNativeTarget section */
		217D757F25D0EC2A00A53E0A /* Demo_ObjC */ = {
			isa = PBXNativeTarget;
			buildConfigurationList = 217D759625D0EC2D00A53E0A /* Build configuration list for PBXNativeTarget "Demo_ObjC" */;
			buildPhases = (
				8569B532AC2ABEE94A1ACE7B /* [CP] Check Pods Manifest.lock */,
				217D757C25D0EC2A00A53E0A /* Sources */,
				217D757D25D0EC2A00A53E0A /* Frameworks */,
				217D757E25D0EC2A00A53E0A /* Resources */,
				D82F4BD5259E58EE70B77BC3 /* [CP] Embed Pods Frameworks */,
			);
			buildRules = (
			);
			dependencies = (
			);
			name = Demo_ObjC;
			productName = ObjC;
			productReference = 217D758025D0EC2A00A53E0A /* Demo_ObjC.app */;
			productType = "com.apple.product-type.application";
		};
		217D75F525D12A8B00A53E0A /* Demo_Swift */ = {
			isa = PBXNativeTarget;
			buildConfigurationList = 217D760725D12A8E00A53E0A /* Build configuration list for PBXNativeTarget "Demo_Swift" */;
			buildPhases = (
				C16D3DC90D4082A021540654 /* [CP] Check Pods Manifest.lock */,
				217D75F225D12A8B00A53E0A /* Sources */,
				217D75F325D12A8B00A53E0A /* Frameworks */,
				217D75F425D12A8B00A53E0A /* Resources */,
				CF4A7C1EFDE29E153D3B3DA7 /* [CP] Embed Pods Frameworks */,
			);
			buildRules = (
			);
			dependencies = (
			);
			name = Demo_Swift;
			productName = Demo_Swift;
			productReference = 217D75F625D12A8B00A53E0A /* Demo_Swift.app */;
			productType = "com.apple.product-type.application";
		};
/* End PBXNativeTarget section */

/* Begin PBXProject section */
		217D755425D0EB9300A53E0A /* Project object */ = {
			isa = PBXProject;
			attributes = {
				LastSwiftUpdateCheck = 1240;
				LastUpgradeCheck = 1240;
				TargetAttributes = {
					217D757F25D0EC2A00A53E0A = {
						CreatedOnToolsVersion = 12.4;
					};
					217D75F525D12A8B00A53E0A = {
						CreatedOnToolsVersion = 12.4;
					};
				};
			};
			buildConfigurationList = 217D755725D0EB9300A53E0A /* Build configuration list for PBXProject "Demo" */;
			compatibilityVersion = "Xcode 9.3";
			developmentRegion = en;
			hasScannedForEncodings = 0;
			knownRegions = (
				en,
				Base,
			);
			mainGroup = 217D755325D0EB9300A53E0A;
			productRefGroup = 217D755D25D0EB9300A53E0A /* Products */;
			projectDirPath = "";
			projectRoot = "";
			targets = (
				217D757F25D0EC2A00A53E0A /* Demo_ObjC */,
				217D75F525D12A8B00A53E0A /* Demo_Swift */,
			);
		};
/* End PBXProject section */

/* Begin PBXResourcesBuildPhase section */
		217D757E25D0EC2A00A53E0A /* Resources */ = {
			isa = PBXResourcesBuildPhase;
			buildActionMask = 2147483647;
			files = (
				217D761525D12B4200A53E0A /* Assets.xcassets in Resources */,
				217D75C125D0ED2800A53E0A /* Launch Screen.storyboard in Resources */,
			);
			runOnlyForDeploymentPostprocessing = 0;
		};
		217D75F425D12A8B00A53E0A /* Resources */ = {
			isa = PBXResourcesBuildPhase;
			buildActionMask = 2147483647;
			files = (
				217D761025D12B2800A53E0A /* Launch Screen.storyboard in Resources */,
				217D760225D12A8E00A53E0A /* Assets.xcassets in Resources */,
			);
			runOnlyForDeploymentPostprocessing = 0;
		};
/* End PBXResourcesBuildPhase section */

/* Begin PBXShellScriptBuildPhase section */
		8569B532AC2ABEE94A1ACE7B /* [CP] Check Pods Manifest.lock */ = {
			isa = PBXShellScriptBuildPhase;
			buildActionMask = 2147483647;
			files = (
			);
			inputFileListPaths = (
			);
			inputPaths = (
				"${PODS_PODFILE_DIR_PATH}/Podfile.lock",
				"${PODS_ROOT}/Manifest.lock",
			);
			name = "[CP] Check Pods Manifest.lock";
			outputFileListPaths = (
			);
			outputPaths = (
				"$(DERIVED_FILE_DIR)/Pods-GLEnvs Demo-Demo_ObjC-checkManifestLockResult.txt",
			);
			runOnlyForDeploymentPostprocessing = 0;
			shellPath = /bin/sh;
			shellScript = "diff \"${PODS_PODFILE_DIR_PATH}/Podfile.lock\" \"${PODS_ROOT}/Manifest.lock\" > /dev/null\nif [ $? != 0 ] ; then\n    # print error to STDERR\n    echo \"error: The sandbox is not in sync with the Podfile.lock. Run 'pod install' or update your CocoaPods installation.\" >&2\n    exit 1\nfi\n# This output is used by Xcode 'outputs' to avoid re-running this script phase.\necho \"SUCCESS\" > \"${SCRIPT_OUTPUT_FILE_0}\"\n";
			showEnvVarsInLog = 0;
		};
		C16D3DC90D4082A021540654 /* [CP] Check Pods Manifest.lock */ = {
			isa = PBXShellScriptBuildPhase;
			buildActionMask = 2147483647;
			files = (
			);
			inputFileListPaths = (
			);
			inputPaths = (
				"${PODS_PODFILE_DIR_PATH}/Podfile.lock",
				"${PODS_ROOT}/Manifest.lock",
			);
			name = "[CP] Check Pods Manifest.lock";
			outputFileListPaths = (
			);
			outputPaths = (
				"$(DERIVED_FILE_DIR)/Pods-GLEnvs Demo-Demo_Swift-checkManifestLockResult.txt",
			);
			runOnlyForDeploymentPostprocessing = 0;
			shellPath = /bin/sh;
			shellScript = "diff \"${PODS_PODFILE_DIR_PATH}/Podfile.lock\" \"${PODS_ROOT}/Manifest.lock\" > /dev/null\nif [ $? != 0 ] ; then\n    # print error to STDERR\n    echo \"error: The sandbox is not in sync with the Podfile.lock. Run 'pod install' or update your CocoaPods installation.\" >&2\n    exit 1\nfi\n# This output is used by Xcode 'outputs' to avoid re-running this script phase.\necho \"SUCCESS\" > \"${SCRIPT_OUTPUT_FILE_0}\"\n";
			showEnvVarsInLog = 0;
		};
		CF4A7C1EFDE29E153D3B3DA7 /* [CP] Embed Pods Frameworks */ = {
			isa = PBXShellScriptBuildPhase;
			buildActionMask = 2147483647;
			files = (
			);
			inputFileListPaths = (
				"${PODS_ROOT}/Target Support Files/Pods-GLEnvs Demo-Demo_Swift/Pods-GLEnvs Demo-Demo_Swift-frameworks-${CONFIGURATION}-input-files.xcfilelist",
			);
			name = "[CP] Embed Pods Frameworks";
			outputFileListPaths = (
				"${PODS_ROOT}/Target Support Files/Pods-GLEnvs Demo-Demo_Swift/Pods-GLEnvs Demo-Demo_Swift-frameworks-${CONFIGURATION}-output-files.xcfilelist",
			);
			runOnlyForDeploymentPostprocessing = 0;
			shellPath = /bin/sh;
			shellScript = "\"${PODS_ROOT}/Target Support Files/Pods-GLEnvs Demo-Demo_Swift/Pods-GLEnvs Demo-Demo_Swift-frameworks.sh\"\n";
			showEnvVarsInLog = 0;
		};
		D82F4BD5259E58EE70B77BC3 /* [CP] Embed Pods Frameworks */ = {
			isa = PBXShellScriptBuildPhase;
			buildActionMask = 2147483647;
			files = (
			);
			inputFileListPaths = (
				"${PODS_ROOT}/Target Support Files/Pods-GLEnvs Demo-Demo_ObjC/Pods-GLEnvs Demo-Demo_ObjC-frameworks-${CONFIGURATION}-input-files.xcfilelist",
			);
			name = "[CP] Embed Pods Frameworks";
			outputFileListPaths = (
				"${PODS_ROOT}/Target Support Files/Pods-GLEnvs Demo-Demo_ObjC/Pods-GLEnvs Demo-Demo_ObjC-frameworks-${CONFIGURATION}-output-files.xcfilelist",
			);
			runOnlyForDeploymentPostprocessing = 0;
			shellPath = /bin/sh;
			shellScript = "\"${PODS_ROOT}/Target Support Files/Pods-GLEnvs Demo-Demo_ObjC/Pods-GLEnvs Demo-Demo_ObjC-frameworks.sh\"\n";
			showEnvVarsInLog = 0;
		};
/* End PBXShellScriptBuildPhase section */

/* Begin PBXSourcesBuildPhase section */
		217D757C25D0EC2A00A53E0A /* Sources */ = {
			isa = PBXSourcesBuildPhase;
			buildActionMask = 2147483647;
			files = (
				217D758A25D0EC2A00A53E0A /* ViewController.m in Sources */,
				217D758425D0EC2A00A53E0A /* AppDelegate.m in Sources */,
				217D759525D0EC2D00A53E0A /* main.m in Sources */,
			);
			runOnlyForDeploymentPostprocessing = 0;
		};
		217D75F225D12A8B00A53E0A /* Sources */ = {
			isa = PBXSourcesBuildPhase;
			buildActionMask = 2147483647;
			files = (
				217D75FD25D12A8B00A53E0A /* ViewController.swift in Sources */,
				217D75F925D12A8B00A53E0A /* AppDelegate.swift in Sources */,
			);
			runOnlyForDeploymentPostprocessing = 0;
		};
/* End PBXSourcesBuildPhase section */

/* Begin XCBuildConfiguration section */
		217D757325D0EB9500A53E0A /* Debug */ = {
			isa = XCBuildConfiguration;
			buildSettings = {
				ALWAYS_SEARCH_USER_PATHS = NO;
				CLANG_ANALYZER_NONNULL = YES;
				CLANG_ANALYZER_NUMBER_OBJECT_CONVERSION = YES_AGGRESSIVE;
				CLANG_CXX_LANGUAGE_STANDARD = "gnu++14";
				CLANG_CXX_LIBRARY = "libc++";
				CLANG_ENABLE_MODULES = YES;
				CLANG_ENABLE_OBJC_ARC = YES;
				CLANG_ENABLE_OBJC_WEAK = YES;
				CLANG_WARN_BLOCK_CAPTURE_AUTORELEASING = YES;
				CLANG_WARN_BOOL_CONVERSION = YES;
				CLANG_WARN_COMMA = YES;
				CLANG_WARN_CONSTANT_CONVERSION = YES;
				CLANG_WARN_DEPRECATED_OBJC_IMPLEMENTATIONS = YES;
				CLANG_WARN_DIRECT_OBJC_ISA_USAGE = YES_ERROR;
				CLANG_WARN_DOCUMENTATION_COMMENTS = YES;
				CLANG_WARN_EMPTY_BODY = YES;
				CLANG_WARN_ENUM_CONVERSION = YES;
				CLANG_WARN_INFINITE_RECURSION = YES;
				CLANG_WARN_INT_CONVERSION = YES;
				CLANG_WARN_NON_LITERAL_NULL_CONVERSION = YES;
				CLANG_WARN_OBJC_IMPLICIT_RETAIN_SELF = YES;
				CLANG_WARN_OBJC_LITERAL_CONVERSION = YES;
				CLANG_WARN_OBJC_ROOT_CLASS = YES_ERROR;
				CLANG_WARN_QUOTED_INCLUDE_IN_FRAMEWORK_HEADER = YES;
				CLANG_WARN_RANGE_LOOP_ANALYSIS = YES;
				CLANG_WARN_STRICT_PROTOTYPES = YES;
				CLANG_WARN_SUSPICIOUS_MOVE = YES;
				CLANG_WARN_UNGUARDED_AVAILABILITY = YES_AGGRESSIVE;
				CLANG_WARN_UNREACHABLE_CODE = YES;
				CLANG_WARN__DUPLICATE_METHOD_MATCH = YES;
				COPY_PHASE_STRIP = NO;
				DEBUG_INFORMATION_FORMAT = dwarf;
				ENABLE_STRICT_OBJC_MSGSEND = YES;
				ENABLE_TESTABILITY = YES;
				GCC_C_LANGUAGE_STANDARD = gnu11;
				GCC_DYNAMIC_NO_PIC = NO;
				GCC_NO_COMMON_BLOCKS = YES;
				GCC_OPTIMIZATION_LEVEL = 0;
				GCC_PREPROCESSOR_DEFINITIONS = (
					"DEBUG=1",
					"$(inherited)",
				);
				GCC_WARN_64_TO_32_BIT_CONVERSION = YES;
				GCC_WARN_ABOUT_RETURN_TYPE = YES_ERROR;
				GCC_WARN_UNDECLARED_SELECTOR = YES;
				GCC_WARN_UNINITIALIZED_AUTOS = YES_AGGRESSIVE;
				GCC_WARN_UNUSED_FUNCTION = YES;
				GCC_WARN_UNUSED_VARIABLE = YES;
				IPHONEOS_DEPLOYMENT_TARGET = 14.4;
				MTL_ENABLE_DEBUG_INFO = INCLUDE_SOURCE;
				MTL_FAST_MATH = YES;
				ONLY_ACTIVE_ARCH = YES;
				SDKROOT = iphoneos;
			};
			name = Debug;
		};
		217D757425D0EB9500A53E0A /* Release */ = {
			isa = XCBuildConfiguration;
			buildSettings = {
				ALWAYS_SEARCH_USER_PATHS = NO;
				CLANG_ANALYZER_NONNULL = YES;
				CLANG_ANALYZER_NUMBER_OBJECT_CONVERSION = YES_AGGRESSIVE;
				CLANG_CXX_LANGUAGE_STANDARD = "gnu++14";
				CLANG_CXX_LIBRARY = "libc++";
				CLANG_ENABLE_MODULES = YES;
				CLANG_ENABLE_OBJC_ARC = YES;
				CLANG_ENABLE_OBJC_WEAK = YES;
				CLANG_WARN_BLOCK_CAPTURE_AUTORELEASING = YES;
				CLANG_WARN_BOOL_CONVERSION = YES;
				CLANG_WARN_COMMA = YES;
				CLANG_WARN_CONSTANT_CONVERSION = YES;
				CLANG_WARN_DEPRECATED_OBJC_IMPLEMENTATIONS = YES;
				CLANG_WARN_DIRECT_OBJC_ISA_USAGE = YES_ERROR;
				CLANG_WARN_DOCUMENTATION_COMMENTS = YES;
				CLANG_WARN_EMPTY_BODY = YES;
				CLANG_WARN_ENUM_CONVERSION = YES;
				CLANG_WARN_INFINITE_RECURSION = YES;
				CLANG_WARN_INT_CONVERSION = YES;
				CLANG_WARN_NON_LITERAL_NULL_CONVERSION = YES;
				CLANG_WARN_OBJC_IMPLICIT_RETAIN_SELF = YES;
				CLANG_WARN_OBJC_LITERAL_CONVERSION = YES;
				CLANG_WARN_OBJC_ROOT_CLASS = YES_ERROR;
				CLANG_WARN_QUOTED_INCLUDE_IN_FRAMEWORK_HEADER = YES;
				CLANG_WARN_RANGE_LOOP_ANALYSIS = YES;
				CLANG_WARN_STRICT_PROTOTYPES = YES;
				CLANG_WARN_SUSPICIOUS_MOVE = YES;
				CLANG_WARN_UNGUARDED_AVAILABILITY = YES_AGGRESSIVE;
				CLANG_WARN_UNREACHABLE_CODE = YES;
				CLANG_WARN__DUPLICATE_METHOD_MATCH = YES;
				COPY_PHASE_STRIP = NO;
				DEBUG_INFORMATION_FORMAT = "dwarf-with-dsym";
				ENABLE_NS_ASSERTIONS = NO;
				ENABLE_STRICT_OBJC_MSGSEND = YES;
				GCC_C_LANGUAGE_STANDARD = gnu11;
				GCC_NO_COMMON_BLOCKS = YES;
				GCC_WARN_64_TO_32_BIT_CONVERSION = YES;
				GCC_WARN_ABOUT_RETURN_TYPE = YES_ERROR;
				GCC_WARN_UNDECLARED_SELECTOR = YES;
				GCC_WARN_UNINITIALIZED_AUTOS = YES_AGGRESSIVE;
				GCC_WARN_UNUSED_FUNCTION = YES;
				GCC_WARN_UNUSED_VARIABLE = YES;
				IPHONEOS_DEPLOYMENT_TARGET = 14.4;
				MTL_ENABLE_DEBUG_INFO = NO;
				MTL_FAST_MATH = YES;
				SDKROOT = iphoneos;
				VALIDATE_PRODUCT = YES;
			};
			name = Release;
		};
		217D759725D0EC2D00A53E0A /* Debug */ = {
			isa = XCBuildConfiguration;
			baseConfigurationReference = D22E40F38AFFB7E34E45BFD5 /* Pods-GLEnvs Demo-Demo_ObjC.debug.xcconfig */;
			buildSettings = {
				ASSETCATALOG_COMPILER_APPICON_NAME = AppIcon;
				ASSETCATALOG_COMPILER_GLOBAL_ACCENT_COLOR_NAME = AccentColor;
				CODE_SIGN_IDENTITY = "iPhone Developer";
				CODE_SIGN_STYLE = Manual;
				DEVELOPMENT_TEAM = Q4FM28863B;
				GCC_PRECOMPILE_PREFIX_HEADER = YES;
				GCC_PREFIX_HEADER = "$(PROJECT_DIR)/ObjC/objc.pch";
				INFOPLIST_FILE = ObjC/Info.plist;
				LD_RUNPATH_SEARCH_PATHS = (
					"$(inherited)",
					"@executable_path/Frameworks",
				);
				PRODUCT_BUNDLE_IDENTIFIER = com.liguoliang.demo.ObjC;
				PRODUCT_NAME = "$(TARGET_NAME)";
				PROVISIONING_PROFILE_SPECIFIER = wildcard.hongplus;
				TARGETED_DEVICE_FAMILY = 1;
			};
			name = Debug;
		};
		217D759825D0EC2D00A53E0A /* Release */ = {
			isa = XCBuildConfiguration;
			baseConfigurationReference = 94226C45502358948B0C10F8 /* Pods-GLEnvs Demo-Demo_ObjC.release.xcconfig */;
			buildSettings = {
				ASSETCATALOG_COMPILER_APPICON_NAME = AppIcon;
				ASSETCATALOG_COMPILER_GLOBAL_ACCENT_COLOR_NAME = AccentColor;
				CODE_SIGN_IDENTITY = "iPhone Developer";
				CODE_SIGN_STYLE = Manual;
				DEVELOPMENT_TEAM = Q4FM28863B;
				GCC_PRECOMPILE_PREFIX_HEADER = YES;
				GCC_PREFIX_HEADER = "$(PROJECT_DIR)/ObjC/objc.pch";
				INFOPLIST_FILE = ObjC/Info.plist;
				LD_RUNPATH_SEARCH_PATHS = (
					"$(inherited)",
					"@executable_path/Frameworks",
				);
				PRODUCT_BUNDLE_IDENTIFIER = com.liguoliang.demo.ObjC;
				PRODUCT_NAME = "$(TARGET_NAME)";
				PROVISIONING_PROFILE_SPECIFIER = wildcard.hongplus;
				TARGETED_DEVICE_FAMILY = 1;
			};
			name = Release;
		};
		217D760825D12A8E00A53E0A /* Debug */ = {
			isa = XCBuildConfiguration;
			baseConfigurationReference = E96BD6DB728388D1D09BB19E /* Pods-GLEnvs Demo-Demo_Swift.debug.xcconfig */;
			buildSettings = {
				ASSETCATALOG_COMPILER_APPICON_NAME = AppIcon;
				ASSETCATALOG_COMPILER_GLOBAL_ACCENT_COLOR_NAME = AccentColor;
				CODE_SIGN_STYLE = Automatic;
				INFOPLIST_FILE = Demo_Swift/Info.plist;
				LD_RUNPATH_SEARCH_PATHS = (
					"$(inherited)",
					"@executable_path/Frameworks",
				);
				PRODUCT_BUNDLE_IDENTIFIER = "com.liguoliang.demo.Demo-Swift";
				PRODUCT_NAME = "$(TARGET_NAME)";
				SWIFT_ACTIVE_COMPILATION_CONDITIONS = DEBUG;
				SWIFT_OPTIMIZATION_LEVEL = "-Onone";
				SWIFT_VERSION = 5.0;
				TARGETED_DEVICE_FAMILY = 1;
			};
			name = Debug;
		};
		217D760925D12A8E00A53E0A /* Release */ = {
			isa = XCBuildConfiguration;
			baseConfigurationReference = DDD1B1D914F9DF68E6ED0ED8 /* Pods-GLEnvs Demo-Demo_Swift.release.xcconfig */;
			buildSettings = {
				ASSETCATALOG_COMPILER_APPICON_NAME = AppIcon;
				ASSETCATALOG_COMPILER_GLOBAL_ACCENT_COLOR_NAME = AccentColor;
				CODE_SIGN_STYLE = Automatic;
				INFOPLIST_FILE = Demo_Swift/Info.plist;
				LD_RUNPATH_SEARCH_PATHS = (
					"$(inherited)",
					"@executable_path/Frameworks",
				);
				PRODUCT_BUNDLE_IDENTIFIER = "com.liguoliang.demo.Demo-Swift";
				PRODUCT_NAME = "$(TARGET_NAME)";
				SWIFT_COMPILATION_MODE = wholemodule;
				SWIFT_OPTIMIZATION_LEVEL = "-O";
				SWIFT_VERSION = 5.0;
				TARGETED_DEVICE_FAMILY = 1;
			};
			name = Release;
		};
/* End XCBuildConfiguration section */

/* Begin XCConfigurationList section */
		217D755725D0EB9300A53E0A /* Build configuration list for PBXProject "Demo" */ = {
			isa = XCConfigurationList;
			buildConfigurations = (
				217D757325D0EB9500A53E0A /* Debug */,
				217D757425D0EB9500A53E0A /* Release */,
			);
			defaultConfigurationIsVisible = 0;
			defaultConfigurationName = Release;
		};
		217D759625D0EC2D00A53E0A /* Build configuration list for PBXNativeTarget "Demo_ObjC" */ = {
			isa = XCConfigurationList;
			buildConfigurations = (
				217D759725D0EC2D00A53E0A /* Debug */,
				217D759825D0EC2D00A53E0A /* Release */,
			);
			defaultConfigurationIsVisible = 0;
			defaultConfigurationName = Release;
		};
		217D760725D12A8E00A53E0A /* Build configuration list for PBXNativeTarget "Demo_Swift" */ = {
			isa = XCConfigurationList;
			buildConfigurations = (
				217D760825D12A8E00A53E0A /* Debug */,
				217D760925D12A8E00A53E0A /* Release */,
			);
			defaultConfigurationIsVisible = 0;
			defaultConfigurationName = Release;
		};
/* End XCConfigurationList section */
	};
	rootObject = 217D755425D0EB9300A53E0A /* Project object */;
}
